
Microsoft Visual Studio Solution File, Format Version 12.00
# Visual Studio Version 16
VisualStudioVersion = 16.0.29319.158
MinimumVisualStudioVersion = 10.0.40219.1
Project("{8BC9CEB8-8B4A-11D0-8D11-00A0C91BC942}") = "CLD3", "CLD3\CLD3.vcxproj", "{6FB3B3F8-B69C-44CC-BAE4-A1495874C3EA}"
EndProject
Project("{8BC9CEB8-8B4A-11D0-8D11-00A0C91BC942}") = "CLD3.Net", "CLD3.Net\CLD3.Net.vcxproj", "{05D3C2BD-7FB2-46F9-A969-3CAA1757ACAF}"
EndProject
Project("{2150E333-8FDC-42A3-9474-1A3956D46DE8}") = "Solution Items", "Solution Items", "{B26627FE-CDE8-4D1D-8F40-308A07F035F9}"
	ProjectSection(SolutionItems) = preProject
		.editorconfig = .editorconfig
		install.txt = install.txt
	EndProjectSection
EndProject
Project("{9A19103F-16F7-4668-BE54-9A1E7A4F7556}") = "CLD3Tests-net5", "CLD3Tests-net5\CLD3Tests-net5.csproj", "{840E8A1E-202D-446A-A9AA-5C4386F2CDB8}"
EndProject
Project("{9A19103F-16F7-4668-BE54-9A1E7A4F7556}") = "CLD3WinNET5", "CLD3WinNET5\CLD3WinNET5.csproj", "{F3C25ED0-0DD5-4193-AE86-EDABB6C2807B}"
EndProject
Project("{2150E333-8FDC-42A3-9474-1A3956D46DE8}") = "NET5.0", "NET5.0", "{7B1E7D53-430F-48B7-AD34-01CD27F13D5B}"
EndProject
Project("{2150E333-8FDC-42A3-9474-1A3956D46DE8}") = "NET472", "NET472", "{5E4B92B8-99F0-4D94-881C-E31F1DB2744F}"
EndProject
Project("{8BC9CEB8-8B4A-11D0-8D11-00A0C91BC942}") = "CLD3.Net", "CLD3_net472.Net\CLD3.Net.vcxproj", "{BCC37952-E0C2-4686-B855-6CB19678F07A}"
EndProject
Project("{9A19103F-16F7-4668-BE54-9A1E7A4F7556}") = "CLD3WinNET472", "CLD3WinNET472\CLD3WinNET472.csproj", "{77E04422-932A-4BB6-AFFA-7D3C5AA137CC}"
EndProject
Global
	GlobalSection(SolutionConfigurationPlatforms) = preSolution
		Debug|Any CPU = Debug|Any CPU
		Debug|x64 = Debug|x64
		Debug|x86 = Debug|x86
		Release|Any CPU = Release|Any CPU
		Release|x64 = Release|x64
		Release|x86 = Release|x86
	EndGlobalSection
	GlobalSection(ProjectConfigurationPlatforms) = postSolution
		{6FB3B3F8-B69C-44CC-BAE4-A1495874C3EA}.Debug|Any CPU.ActiveCfg = Debug|Win32
		{6FB3B3F8-B69C-44CC-BAE4-A1495874C3EA}.Debug|x64.ActiveCfg = Debug|x64
		{6FB3B3F8-B69C-44CC-BAE4-A1495874C3EA}.Debug|x64.Build.0 = Debug|x64
		{6FB3B3F8-B69C-44CC-BAE4-A1495874C3EA}.Debug|x86.ActiveCfg = Debug|Win32
		{6FB3B3F8-B69C-44CC-BAE4-A1495874C3EA}.Debug|x86.Build.0 = Debug|Win32
		{6FB3B3F8-B69C-44CC-BAE4-A1495874C3EA}.Release|Any CPU.ActiveCfg = Release|Win32
		{6FB3B3F8-B69C-44CC-BAE4-A1495874C3EA}.Release|x64.ActiveCfg = Release|x64
		{6FB3B3F8-B69C-44CC-BAE4-A1495874C3EA}.Release|x64.Build.0 = Release|x64
		{6FB3B3F8-B69C-44CC-BAE4-A1495874C3EA}.Release|x86.ActiveCfg = Release|Win32
		{6FB3B3F8-B69C-44CC-BAE4-A1495874C3EA}.Release|x86.Build.0 = Release|Win32
		{05D3C2BD-7FB2-46F9-A969-3CAA1757ACAF}.Debug|Any CPU.ActiveCfg = Debug|Win32
		{05D3C2BD-7FB2-46F9-A969-3CAA1757ACAF}.Debug|x64.ActiveCfg = Debug|x64
		{05D3C2BD-7FB2-46F9-A969-3CAA1757ACAF}.Debug|x64.Build.0 = Debug|x64
		{05D3C2BD-7FB2-46F9-A969-3CAA1757ACAF}.Debug|x86.ActiveCfg = Debug|Win32
		{05D3C2BD-7FB2-46F9-A969-3CAA1757ACAF}.Debug|x86.Build.0 = Debug|Win32
		{05D3C2BD-7FB2-46F9-A969-3CAA1757ACAF}.Release|Any CPU.ActiveCfg = Release|Win32
		{05D3C2BD-7FB2-46F9-A969-3CAA1757ACAF}.Release|x64.ActiveCfg = Release|x64
		{05D3C2BD-7FB2-46F9-A969-3CAA1757ACAF}.Release|x64.Build.0 = Release|x64
		{05D3C2BD-7FB2-46F9-A969-3CAA1757ACAF}.Release|x86.ActiveCfg = Release|Win32
		{05D3C2BD-7FB2-46F9-A969-3CAA1757ACAF}.Release|x86.Build.0 = Release|Win32
		{840E8A1E-202D-446A-A9AA-5C4386F2CDB8}.Debug|Any CPU.ActiveCfg = Debug|Any CPU
		{840E8A1E-202D-446A-A9AA-5C4386F2CDB8}.Debug|Any CPU.Build.0 = Debug|Any CPU
		{840E8A1E-202D-446A-A9AA-5C4386F2CDB8}.Debug|x64.ActiveCfg = Debug|x64
		{840E8A1E-202D-446A-A9AA-5C4386F2CDB8}.Debug|x64.Build.0 = Debug|x64
		{840E8A1E-202D-446A-A9AA-5C4386F2CDB8}.Debug|x86.ActiveCfg = Debug|x86
		{840E8A1E-202D-446A-A9AA-5C4386F2CDB8}.Debug|x86.Build.0 = Debug|x86
		{840E8A1E-202D-446A-A9AA-5C4386F2CDB8}.Release|Any CPU.ActiveCfg = Release|Any CPU
		{840E8A1E-202D-446A-A9AA-5C4386F2CDB8}.Release|Any CPU.Build.0 = Release|Any CPU
		{840E8A1E-202D-446A-A9AA-5C4386F2CDB8}.Release|x64.ActiveCfg = Release|x64
		{840E8A1E-202D-446A-A9AA-5C4386F2CDB8}.Release|x64.Build.0 = Release|x64
		{840E8A1E-202D-446A-A9AA-5C4386F2CDB8}.Release|x86.ActiveCfg = Release|Any CPU
		{840E8A1E-202D-446A-A9AA-5C4386F2CDB8}.Release|x86.Build.0 = Release|Any CPU
		{F3C25ED0-0DD5-4193-AE86-EDABB6C2807B}.Debug|Any CPU.ActiveCfg = Debug|Any CPU
		{F3C25ED0-0DD5-4193-AE86-EDABB6C2807B}.Debug|Any CPU.Build.0 = Debug|Any CPU
		{F3C25ED0-0DD5-4193-AE86-EDABB6C2807B}.Debug|x64.ActiveCfg = Debug|Any CPU
		{F3C25ED0-0DD5-4193-AE86-EDABB6C2807B}.Debug|x64.Build.0 = Debug|Any CPU
		{F3C25ED0-0DD5-4193-AE86-EDABB6C2807B}.Debug|x86.ActiveCfg = Debug|Any CPU
		{F3C25ED0-0DD5-4193-AE86-EDABB6C2807B}.Debug|x86.Build.0 = Debug|Any CPU
		{F3C25ED0-0DD5-4193-AE86-EDABB6C2807B}.Release|Any CPU.ActiveCfg = Release|Any CPU
		{F3C25ED0-0DD5-4193-AE86-EDABB6C2807B}.Release|Any CPU.Build.0 = Release|Any CPU
		{F3C25ED0-0DD5-4193-AE86-EDABB6C2807B}.Release|x64.ActiveCfg = Release|Any CPU
		{F3C25ED0-0DD5-4193-AE86-EDABB6C2807B}.Release|x64.Build.0 = Release|Any CPU
		{F3C25ED0-0DD5-4193-AE86-EDABB6C2807B}.Release|x86.ActiveCfg = Release|Any CPU
		{F3C25ED0-0DD5-4193-AE86-EDABB6C2807B}.Release|x86.Build.0 = Release|Any CPU
		{BCC37952-E0C2-4686-B855-6CB19678F07A}.Debug|Any CPU.ActiveCfg = Debug|Win32
		{BCC37952-E0C2-4686-B855-6CB19678F07A}.Debug|x64.ActiveCfg = Debug|x64
		{BCC37952-E0C2-4686-B855-6CB19678F07A}.Debug|x64.Build.0 = Debug|x64
		{BCC37952-E0C2-4686-B855-6CB19678F07A}.Debug|x86.ActiveCfg = Debug|Win32
		{BCC37952-E0C2-4686-B855-6CB19678F07A}.Debug|x86.Build.0 = Debug|Win32
		{BCC37952-E0C2-4686-B855-6CB19678F07A}.Release|Any CPU.ActiveCfg = Release|Win32
		{BCC37952-E0C2-4686-B855-6CB19678F07A}.Release|x64.ActiveCfg = Release|x64
		{BCC37952-E0C2-4686-B855-6CB19678F07A}.Release|x64.Build.0 = Release|x64
		{BCC37952-E0C2-4686-B855-6CB19678F07A}.Release|x86.ActiveCfg = Release|Win32
		{BCC37952-E0C2-4686-B855-6CB19678F07A}.Release|x86.Build.0 = Release|Win32
		{77E04422-932A-4BB6-AFFA-7D3C5AA137CC}.Debug|Any CPU.ActiveCfg = Debug|Any CPU
		{77E04422-932A-4BB6-AFFA-7D3C5AA137CC}.Debug|Any CPU.Build.0 = Debug|Any CPU
		{77E04422-932A-4BB6-AFFA-7D3C5AA137CC}.Debug|x64.ActiveCfg = Debug|Any CPU
		{77E04422-932A-4BB6-AFFA-7D3C5AA137CC}.Debug|x64.Build.0 = Debug|Any CPU
		{77E04422-932A-4BB6-AFFA-7D3C5AA137CC}.Debug|x86.ActiveCfg = Debug|Any CPU
		{77E04422-932A-4BB6-AFFA-7D3C5AA137CC}.Debug|x86.Build.0 = Debug|Any CPU
		{77E04422-932A-4BB6-AFFA-7D3C5AA137CC}.Release|Any CPU.ActiveCfg = Release|Any CPU
		{77E04422-932A-4BB6-AFFA-7D3C5AA137CC}.Release|Any CPU.Build.0 = Release|Any CPU
		{77E04422-932A-4BB6-AFFA-7D3C5AA137CC}.Release|x64.ActiveCfg = Release|Any CPU
		{77E04422-932A-4BB6-AFFA-7D3C5AA137CC}.Release|x64.Build.0 = Release|Any CPU
		{77E04422-932A-4BB6-AFFA-7D3C5AA137CC}.Release|x86.ActiveCfg = Release|Any CPU
		{77E04422-932A-4BB6-AFFA-7D3C5AA137CC}.Release|x86.Build.0 = Release|Any CPU
	EndGlobalSection
	GlobalSection(SolutionProperties) = preSolution
		HideSolutionNode = FALSE
	EndGlobalSection
	GlobalSection(NestedProjects) = preSolution
		{05D3C2BD-7FB2-46F9-A969-3CAA1757ACAF} = {7B1E7D53-430F-48B7-AD34-01CD27F13D5B}
		{840E8A1E-202D-446A-A9AA-5C4386F2CDB8} = {7B1E7D53-430F-48B7-AD34-01CD27F13D5B}
		{F3C25ED0-0DD5-4193-AE86-EDABB6C2807B} = {7B1E7D53-430F-48B7-AD34-01CD27F13D5B}
		{BCC37952-E0C2-4686-B855-6CB19678F07A} = {5E4B92B8-99F0-4D94-881C-E31F1DB2744F}
		{77E04422-932A-4BB6-AFFA-7D3C5AA137CC} = {5E4B92B8-99F0-4D94-881C-E31F1DB2744F}
	EndGlobalSection
	GlobalSection(ExtensibilityGlobals) = postSolution
		SolutionGuid = {C4D1F838-85B6-4BBC-99EB-485823BAB36D}
	EndGlobalSection
EndGlobal
